{
    "_readme": [
        "This file locks the dependencies of your project to a known state",
        "Read more about it at https://getcomposer.org/doc/01-basic-usage.md#composer-lock-the-lock-file",
        "This file is @generated automatically"
    ],
    "hash": "150f5b7371134fa53f8a60f8373e832c",
    "content-hash": "7523a87911cfa48b23ccbfb873322132",
    "packages": [
        {
            "name": "max_dark/useless-abstraction",
            "version": "1.0.1",
            "source": {
                "type": "git",
                "url": "https://bitbucket.org/max_dark/useless-abstraction.git",
                "reference": "17558bb85fa1c9cc044468a976c243d054e38585"
            },
            "dist": {
                "type": "zip",
                "url": "https://bitbucket.org/max_dark/useless-abstraction/get/17558bb85fa1c9cc044468a976c243d054e38585.zip",
                "reference": "17558bb85fa1c9cc044468a976c243d054e38585",
                "shasum": ""
            },
            "require": {
                "php": ">=5.6.4"
            },
            "type": "library",
            "autoload": {
                "psr-4": {
                    "useless\\abstraction\\": "src/"
                }
            },
            "license": [
                "MIT"
            ],
            "authors": [
                {
                    "name": "Max Dark",
                    "email": "maxim.dark@gmail.com"
                }
            ],
            "description": "useless\\abstraction library",
            "homepage": "https://bitbucket.org/max_dark/useless-abstraction",
            "support": {
                "source": "https://bitbucket.org/max_dark/useless-abstraction/src/17558bb85fa1c9cc044468a976c243d054e38585/?at=1.0.1",
                "issues": "https://bitbucket.org/max_dark/useless-abstraction/issues"
            },
            "time": "2016-09-02 07:53:49"
        },
        {
            "name": "max_dark/useless-database",
            "version": "1.1.2",
            "source": {
                "type": "git",
                "url": "https://bitbucket.org/max_dark/useless-database.git",
                "reference": "e5be74ee3a0f18b83a0d004430ca6003cc2a0070"
            },
            "dist": {
                "type": "zip",
                "url": "https://bitbucket.org/max_dark/useless-database/get/e5be74ee3a0f18b83a0d004430ca6003cc2a0070.zip",
                "reference": "e5be74ee3a0f18b83a0d004430ca6003cc2a0070",
                "shasum": ""
            },
            "require": {
                "max_dark/useless-abstraction": "~1.0.0",
                "php": ">=5.6.4"
            },
            "type": "library",
            "autoload": {
                "psr-4": {
                    "useless\\database\\": "src/"
                }
            },
            "license": [
                "MIT"
            ],
            "authors": [
                {
                    "name": "Max Dark",
                    "email": "maxim.dark@gmail.com"
                }
            ],
            "description": "Implementation for useless\\abstraction\\Storage",
            "support": {
                "source": "https://bitbucket.org/max_dark/useless-database/src/e5be74ee3a0f18b83a0d004430ca6003cc2a0070/?at=v1.1.2",
                "issues": "https://bitbucket.org/max_dark/useless-database/issues"
            },
            "time": "2016-09-06 13:52:44"
        },
        {
            "name": "max_dark/useless-rest",
            "version": "1.0.1",
            "source": {
                "type": "git",
                "url": "https://bitbucket.org/max_dark/useless-rest.git",
                "reference": "a9b49f078a2509a3f5bd969310388fe13ef6605d"
            },
            "dist": {
                "type": "zip",
                "url": "https://bitbucket.org/max_dark/useless-rest/get/a9b49f078a2509a3f5bd969310388fe13ef6605d.zip",
                "reference": "a9b49f078a2509a3f5bd969310388fe13ef6605d",
                "shasum": ""
            },
            "require": {
                "max_dark/useless-abstraction": "~1.0.0",
                "php": ">=5.6.4"
            },
            "type": "library",
            "autoload": {
                "psr-4": {
                    "useless\\rest\\": "src/"
                }
            },
            "license": [
                "MIT"
            ],
            "authors": [
                {
                    "name": "Max Dark",
                    "email": "maxim.dark@gmail.com"
                }
            ],
            "description": "Simple REST router",
            "support": {
                "source": "https://bitbucket.org/max_dark/useless-rest/src/a9b49f078a2509a3f5bd969310388fe13ef6605d/?at=1.0.1",
                "issues": "https://bitbucket.org/max_dark/useless-rest/issues"
            },
            "time": "2016-09-02 08:06:04"
        }
    ],
    "packages-dev": [],
    "aliases": [],
    "minimum-stability": "alpha",
    "stability-flags": [],
    "prefer-stable": false,
    "prefer-lowest": false,
    "platform": {
        "php": ">=5.6.4"
    },
    "platform-dev": []
}
