{
    "_readme": [
        "This file locks the dependencies of your project to a known state",
        "Read more about it at https://getcomposer.org/doc/01-basic-usage.md#composer-lock-the-lock-file",
        "This file is @generated automatically"
    ],
    "hash": "8772e30d4125eb64048b0a979244de62",
    "content-hash": "dd786e413e95a10de758da7101de7efc",
    "packages": [
        {
            "name": "max_dark/useless-abstraction",
            "version": "1.0.1.3",
            "source": {
                "type": "git",
                "url": "https://github.com/max-dark/useless-abstraction.git",
                "reference": "2b5d42240dee487d33301e6c6da7022896b91683"
            },
            "dist": {
                "type": "zip",
                "url": "https://api.github.com/repos/max-dark/useless-abstraction/zipball/2b5d42240dee487d33301e6c6da7022896b91683",
                "reference": "2b5d42240dee487d33301e6c6da7022896b91683",
                "shasum": ""
            },
            "require": {
                "php": ">=5.6.4"
            },
            "type": "library",
            "autoload": {
                "psr-4": {
                    "useless\\abstraction\\": "src/"
                }
            },
            "notification-url": "https://packagist.org/downloads/",
            "license": [
                "MIT"
            ],
            "authors": [
                {
                    "name": "Max Dark",
                    "email": "maxim.dark@gmail.com"
                }
            ],
            "description": "useless\\abstraction library",
            "homepage": "https://bitbucket.org/max_dark/useless-abstraction",
            "time": "2016-09-13 10:13:27"
        },
        {
            "name": "max_dark/useless-database",
            "version": "1.1.2.1",
            "source": {
                "type": "git",
                "url": "https://github.com/max-dark/useless-database.git",
                "reference": "8915e8524f28c04c0dfdc033d19798a013bf52b8"
            },
            "dist": {
                "type": "zip",
                "url": "https://api.github.com/repos/max-dark/useless-database/zipball/8915e8524f28c04c0dfdc033d19798a013bf52b8",
                "reference": "8915e8524f28c04c0dfdc033d19798a013bf52b8",
                "shasum": ""
            },
            "require": {
                "max_dark/useless-abstraction": "~1.0.0",
                "php": ">=5.6.4"
            },
            "type": "library",
            "autoload": {
                "psr-4": {
                    "useless\\database\\": "src/"
                }
            },
            "notification-url": "https://packagist.org/downloads/",
            "license": [
                "MIT"
            ],
            "authors": [
                {
                    "name": "Max Dark",
                    "email": "maxim.dark@gmail.com"
                }
            ],
            "description": "Implementation for useless\\abstraction\\Storage",
            "time": "2016-09-13 09:50:19"
        },
        {
            "name": "max_dark/useless-rest",
            "version": "1.0.1.1",
            "source": {
                "type": "git",
                "url": "https://github.com/max-dark/useless-rest.git",
                "reference": "f603579d0b2d12bbc37f71a6688e2dc073b586c0"
            },
            "dist": {
                "type": "zip",
                "url": "https://api.github.com/repos/max-dark/useless-rest/zipball/f603579d0b2d12bbc37f71a6688e2dc073b586c0",
                "reference": "f603579d0b2d12bbc37f71a6688e2dc073b586c0",
                "shasum": ""
            },
            "require": {
                "max_dark/useless-abstraction": "~1.0.1",
                "php": ">=5.6.4"
            },
            "type": "library",
            "autoload": {
                "psr-4": {
                    "useless\\rest\\": "src/"
                }
            },
            "notification-url": "https://packagist.org/downloads/",
            "license": [
                "MIT"
            ],
            "authors": [
                {
                    "name": "Max Dark",
                    "email": "maxim.dark@gmail.com"
                }
            ],
            "description": "Simple REST router",
            "time": "2016-09-13 10:19:17"
        }
    ],
    "packages-dev": [],
    "aliases": [],
    "minimum-stability": "stable",
    "stability-flags": [],
    "prefer-stable": false,
    "prefer-lowest": false,
    "platform": {
        "php": ">=5.6.4"
    },
    "platform-dev": []
}
